NeoBundleLock neobundle.vim 92bfcb3c5ece7de46d728bcaf1ef0f3959a6bb58
NeoBundleLock neocomplcache 778181767467b8f8016828898779a646074d883a
NeoBundleLock tcomment_vim 986ead39a4ea97e25e5a010e64d26e85895fc4fe
NeoBundleLock vim-colors-solarized 528a59f26d12278698bb946f8fb82a63711eec21
NeoBundleLock vim-go fc682ce727d2545f08fbc3b5d227e23f723c9330
NeoBundleLock vim-quickrun c22f2f50614a68d8f60ae334cc4545dbc57051a9
NeoBundleLock vim-splash 04085f4fbe1ed50e0f9854587cfa6c2a33fb9451
